{
  "name": "next-rendered-website",
  "version": "1.0.0",
  "lockfileVersion": 1,
  "requires": true,
  "dependencies": {
    "@next/env": {
      "version": "13.0.3",
      "resolved": "https://registry.npmjs.org/@next/env/-/env-13.0.3.tgz",
      "integrity": "sha512-/4WzeG61Ot/PxsghXkSqQJ6UohFfwXoZ3dtsypmR9EBP+OIax9JRq0trq8Z/LCT9Aq4JbihVkaazRWguORjTAw=="
    },
    "@next/swc-android-arm-eabi": {
      "version": "13.0.3",
      "resolved": "https://registry.npmjs.org/@next/swc-android-arm-eabi/-/swc-android-arm-eabi-13.0.3.tgz",
      "integrity": "sha512-uxfUoj65CdFc1gX2q7GtBX3DhKv9Kn343LMqGNvXyuTpYTGMmIiVY7b9yF8oLWRV0gVKqhZBZifUmoPE8SJU6Q==",
      "optional": true
    },
    "@next/swc-android-arm64": {
      "version": "13.0.3",
      "resolved": "https://registry.npmjs.org/@next/swc-android-arm64/-/swc-android-arm64-13.0.3.tgz",
      "integrity": "sha512-t2k+WDfg7Cq2z/EnalKGsd/9E5F4Hdo1xu+UzZXYDpKUI9zgE6Bz8ajQb8m8txv3qOaWdKuDa5j5ziq9Acd1Xw==",
      "optional": true
    },
    "@next/swc-darwin-arm64": {
      "version": "13.0.3",
      "resolved": "https://registry.npmjs.org/@next/swc-darwin-arm64/-/swc-darwin-arm64-13.0.3.tgz",
      "integrity": "sha512-wV6j6SZ1bc/YHOLCLk9JVqaZTCCey6HBV7inl2DriHsHqIcO6F3+QiYf0KXwRP9BE0GSZZrYd5mZQm2JPTHdJA==",
      "optional": true
    },
    "@next/swc-darwin-x64": {
      "version": "13.0.3",
      "resolved": "https://registry.npmjs.org/@next/swc-darwin-x64/-/swc-darwin-x64-13.0.3.tgz",
      "integrity": "sha512-jaI2CMuYWvUtRixV3AIjUhnxUDU1FKOR+8hADMhYt3Yz+pCKuj4RZ0n0nY5qUf3qT1AtvnJXEgyatSFJhSp/wQ==",
      "optional": true
    },
    "@next/swc-freebsd-x64": {
      "version": "13.0.3",
      "resolved": "https://registry.npmjs.org/@next/swc-freebsd-x64/-/swc-freebsd-x64-13.0.3.tgz",
      "integrity": "sha512-nbyT0toBTJrcj5TCB9pVnQpGJ3utGyQj4CWegZs1ulaeUQ5Z7CS/qt8nRyYyOKYHtOdSCJ9Nw5F/RgKNkdpOdw==",
      "optional": true
    },
    "@next/swc-linux-arm-gnueabihf": {
      "version": "13.0.3",
      "resolved": "https://registry.npmjs.org/@next/swc-linux-arm-gnueabihf/-/swc-linux-arm-gnueabihf-13.0.3.tgz",
      "integrity": "sha512-1naLxYvRUQCoFCU1nMkcQueRc0Iux9xBv1L5pzH2ejtIWFg8BrSgyuluJG4nyAhFCx4WG863IEIkAaefOowVdA==",
      "optional": true
    },
    "@next/swc-linux-arm64-gnu": {
      "version": "13.0.3",
      "resolved": "https://registry.npmjs.org/@next/swc-linux-arm64-gnu/-/swc-linux-arm64-gnu-13.0.3.tgz",
      "integrity": "sha512-3Z4A8JkuGWpMVbUhUPQInK/SLY+kijTT78Q/NZCrhLlyvwrVxaQALJNlXzxDLraUgv4oVH0Wz/FIw1W9PUUhxA==",
      "optional": true
    },
    "@next/swc-linux-arm64-musl": {
      "version": "13.0.3",
      "resolved": "https://registry.npmjs.org/@next/swc-linux-arm64-musl/-/swc-linux-arm64-musl-13.0.3.tgz",
      "integrity": "sha512-MoYe9SM40UaunTjC+01c9OILLH3uSoeri58kDMu3KF/EFEvn1LZ6ODeDj+SLGlAc95wn46hrRJS2BPmDDE+jFQ==",
      "optional": true
    },
    "@next/swc-linux-x64-gnu": {
      "version": "13.0.3",
      "resolved": "https://registry.npmjs.org/@next/swc-linux-x64-gnu/-/swc-linux-x64-gnu-13.0.3.tgz",
      "integrity": "sha512-z22T5WGnRanjLMXdF0NaNjSpBlEzzY43t5Ysp3nW1oI6gOkub6WdQNZeHIY7A2JwkgSWZmtjLtf+Fzzz38LHeQ==",
      "optional": true
    },
    "@next/swc-linux-x64-musl": {
      "version": "13.0.3",
      "resolved": "https://registry.npmjs.org/@next/swc-linux-x64-musl/-/swc-linux-x64-musl-13.0.3.tgz",
      "integrity": "sha512-ZOMT7zjBFmkusAtr47k8xs/oTLsNlTH6xvYb+iux7yly2hZGwhfBLzPGBsbeMZukZ96IphJTagT+C033s6LNVA==",
      "optional": true
    },
    "@next/swc-win32-arm64-msvc": {
      "version": "13.0.3",
      "resolved": "https://registry.npmjs.org/@next/swc-win32-arm64-msvc/-/swc-win32-arm64-msvc-13.0.3.tgz",
      "integrity": "sha512-Q4BM16Djl+Oah9UdGrvjFYgoftYB2jNd+rtRGPX5Mmxo09Ry/KiLbOZnoUyoIxKc1xPyfqMXuaVsAFQLYs0KEQ==",
      "optional": true
    },
    "@next/swc-win32-ia32-msvc": {
      "version": "13.0.3",
      "resolved": "https://registry.npmjs.org/@next/swc-win32-ia32-msvc/-/swc-win32-ia32-msvc-13.0.3.tgz",
      "integrity": "sha512-Sa8yGkNeRUsic8Qjf7MLIAfP0p0+einK/wIqJ8UO1y76j+8rRQu42AMs5H4Ax1fm9GEYq6I8njHtY59TVpTtGQ==",
      "optional": true
    },
    "@next/swc-win32-x64-msvc": {
      "version": "13.0.3",
      "resolved": "https://registry.npmjs.org/@next/swc-win32-x64-msvc/-/swc-win32-x64-msvc-13.0.3.tgz",
      "integrity": "sha512-IAptmSqA7k4tQzaw2NAkoEjj3+Dz9ceuvlEHwYh770MMDL4V0ku2m+UHrmn5HUCEDHhgwwjg2nyf6728q2jr1w==",
      "optional": true
    },
    "@swc/helpers": {
      "version": "0.4.11",
      "resolved": "https://registry.npmjs.org/@swc/helpers/-/helpers-0.4.11.tgz",
      "integrity": "sha512-rEUrBSGIoSFuYxwBYtlUFMlE2CwGhmW+w9355/5oduSw8e5h2+Tj4UrAGNNgP9915++wj5vkQo0UuOBqOAq4nw==",
      "requires": {
        "tslib": "^2.4.0"
      }
    },
    "accepts": {
      "version": "1.3.7",
      "resolved": "https://registry.npm.taobao.org/accepts/download/accepts-1.3.7.tgz",
      "integrity": "sha1-UxvHJlF6OytB+FACHGzBXqq1B80=",
      "requires": {
        "mime-types": "~2.1.24",
        "negotiator": "0.6.2"
      }
    },
    "any-promise": {
      "version": "1.3.0",
      "resolved": "https://registry.npm.taobao.org/any-promise/download/any-promise-1.3.0.tgz",
      "integrity": "sha1-q8av7tzqUugJzcA3au0845Y10X8="
    },
    "cache-content-type": {
      "version": "1.0.1",
      "resolved": "https://registry.npm.taobao.org/cache-content-type/download/cache-content-type-1.0.1.tgz",
      "integrity": "sha1-A1zeKwjuISn0qDFeqPAKANuhRTw=",
      "requires": {
        "mime-types": "^2.1.18",
        "ylru": "^1.2.0"
      }
    },
    "caniuse-lite": {
      "version": "1.0.30001431",
      "resolved": "https://registry.npmjs.org/caniuse-lite/-/caniuse-lite-1.0.30001431.tgz",
      "integrity": "sha512-zBUoFU0ZcxpvSt9IU66dXVT/3ctO1cy4y9cscs1szkPlcWb6pasYM144GqrUygUbT+k7cmUCW61cvskjcv0enQ=="
    },
    "client-only": {
      "version": "0.0.1",
      "resolved": "https://registry.npmjs.org/client-only/-/client-only-0.0.1.tgz",
      "integrity": "sha512-IV3Ou0jSMzZrd3pZ48nLkT9DA7Ag1pnPzaiQhpW7c3RbcqqzvzzVu+L8gfqMp/8IM2MQtSiqaCxrrcfu8I8rMA=="
    },
    "co": {
      "version": "4.6.0",
      "resolved": "http://registry.npm.taobao.org/co/download/co-4.6.0.tgz",
      "integrity": "sha1-bqa989hTrlTMuOR7+gvz+QMfsYQ="
    },
    "content-disposition": {
      "version": "0.5.3",
      "resolved": "https://registry.npm.taobao.org/content-disposition/download/content-disposition-0.5.3.tgz",
      "integrity": "sha1-4TDK9+cnkIfFYWwgB9BIVpiYT70=",
      "requires": {
        "safe-buffer": "5.1.2"
      }
    },
    "content-type": {
      "version": "1.0.4",
      "resolved": "https://registry.npm.taobao.org/content-type/download/content-type-1.0.4.tgz",
      "integrity": "sha1-4TjMdeBAxyexlm/l5fjJruJW/js="
    },
    "deep-equal": {
      "version": "1.0.1",
      "resolved": "https://registry.npm.taobao.org/deep-equal/download/deep-equal-1.0.1.tgz",
      "integrity": "sha1-9dJgKStmDghO/0zbyfCK0yR0SLU="
    },
    "delegates": {
      "version": "1.0.0",
      "resolved": "http://registry.npm.taobao.org/delegates/download/delegates-1.0.0.tgz",
      "integrity": "sha1-hMbhWbgZBP3KWaDvRM2HDTElD5o="
    },
    "depd": {
      "version": "1.1.2",
      "resolved": "https://registry.npm.taobao.org/depd/download/depd-1.1.2.tgz",
      "integrity": "sha1-m81S4UwJd2PnSbJ0xDRu0uVgtak="
    },
    "destroy": {
      "version": "1.0.4",
      "resolved": "https://registry.npm.taobao.org/destroy/download/destroy-1.0.4.tgz",
      "integrity": "sha1-l4hXRCxEdJ5CBmE+N5RiBYJqvYA="
    },
    "ee-first": {
      "version": "1.1.1",
      "resolved": "https://registry.npm.taobao.org/ee-first/download/ee-first-1.1.1.tgz",
      "integrity": "sha1-WQxhFWsK4vTwJVcyoViyZrxWsh0="
    },
    "encodeurl": {
      "version": "1.0.2",
      "resolved": "https://registry.npm.taobao.org/encodeurl/download/encodeurl-1.0.2.tgz",
      "integrity": "sha1-rT/0yG7C0CkyL1oCw6mmBslbP1k="
    },
    "escape-html": {
      "version": "1.0.3",
      "resolved": "https://registry.npm.taobao.org/escape-html/download/escape-html-1.0.3.tgz",
      "integrity": "sha1-Aljq5NPQwJdN4cFpGI7wBR0dGYg="
    },
    "http-assert": {
      "version": "1.4.1",
      "resolved": "https://registry.npm.taobao.org/http-assert/download/http-assert-1.4.1.tgz",
      "integrity": "sha1-xfcl1neqfoc+9zYZm4lobM6zeHg=",
      "requires": {
        "deep-equal": "~1.0.1",
        "http-errors": "~1.7.2"
      }
    },
    "http-errors": {
      "version": "1.7.3",
      "resolved": "https://registry.npm.taobao.org/http-errors/download/http-errors-1.7.3.tgz",
      "integrity": "sha1-bGGeT5xgMIw4UZSYwU+7EKrOuwY=",
      "requires": {
        "depd": "~1.1.2",
        "inherits": "2.0.4",
        "setprototypeof": "1.1.1",
        "statuses": ">= 1.5.0 < 2",
        "toidentifier": "1.0.0"
      }
    },
    "inherits": {
      "version": "2.0.4",
      "resolved": "https://registry.npm.taobao.org/inherits/download/inherits-2.0.4.tgz?cache=0&sync_timestamp=1560975547815&other_urls=https%3A%2F%2Fregistry.npm.taobao.org%2Finherits%2Fdownload%2Finherits-2.0.4.tgz",
      "integrity": "sha1-D6LGT5MpF8NDOg3tVTY6rjdBa3w="
    },
    "is-generator-function": {
      "version": "1.0.7",
      "resolved": "https://registry.npm.taobao.org/is-generator-function/download/is-generator-function-1.0.7.tgz",
      "integrity": "sha1-0hMuUpuwAAp/gHlNS99c1eWBNSI="
    },
    "isomorphic-unfetch": {
      "version": "3.0.0",
      "resolved": "https://registry.npm.taobao.org/isomorphic-unfetch/download/isomorphic-unfetch-3.0.0.tgz",
      "integrity": "sha1-3m2Aq95IexfeLEAKfvnl7MLvs2I=",
      "requires": {
        "node-fetch": "^2.2.0",
        "unfetch": "^4.0.0"
      }
    },
    "js-tokens": {
      "version": "4.0.0",
      "resolved": "https://registry.npm.taobao.org/js-tokens/download/js-tokens-4.0.0.tgz?cache=0&sync_timestamp=1586796305651&other_urls=https%3A%2F%2Fregistry.npm.taobao.org%2Fjs-tokens%2Fdownload%2Fjs-tokens-4.0.0.tgz",
      "integrity": "sha1-GSA/tZmR35jjoocFDUZHzerzJJk="
    },
    "koa": {
      "version": "2.12.0",
      "resolved": "https://registry.npm.taobao.org/koa/download/koa-2.12.0.tgz",
      "integrity": "sha1-ySv7Qt79hvNlwxv2P+kY2xH8XHQ=",
      "requires": {
        "accepts": "^1.3.5",
        "cache-content-type": "^1.0.0",
        "content-disposition": "~0.5.2",
        "content-type": "^1.0.4",
        "cookies": "~0.8.0",
        "debug": "~3.1.0",
        "delegates": "^1.0.0",
        "depd": "^1.1.2",
        "destroy": "^1.0.4",
        "encodeurl": "^1.0.2",
        "escape-html": "^1.0.3",
        "fresh": "~0.5.2",
        "http-assert": "^1.3.0",
        "http-errors": "^1.6.3",
        "is-generator-function": "^1.0.7",
        "koa-compose": "^4.1.0",
        "koa-convert": "^1.2.0",
        "on-finished": "^2.3.0",
        "only": "~0.0.2",
        "parseurl": "^1.3.2",
        "statuses": "^1.5.0",
        "type-is": "^1.6.16",
        "vary": "^1.1.2"
      },
      "dependencies": {
        "cookies": {
          "version": "0.8.0",
          "resolved": "https://registry.npm.taobao.org/cookies/download/cookies-0.8.0.tgz",
          "integrity": "sha1-EpPOSzkXQKhAbjyYcOgoxLVPP5A=",
          "requires": {
            "depd": "~2.0.0",
            "keygrip": "~1.1.0"
          },
          "dependencies": {
            "depd": {
              "version": "2.0.0",
              "resolved": "https://registry.npm.taobao.org/depd/download/depd-2.0.0.tgz",
              "integrity": "sha1-tpYWPMdXVg0JzyLMj60Vcbeedt8="
            }
          }
        },
        "debug": {
          "version": "3.1.0",
          "resolved": "https://registry.npm.taobao.org/debug/download/debug-3.1.0.tgz",
          "integrity": "sha1-W7WgZyYotkFJVmuhaBnmFRjGcmE=",
          "requires": {
            "ms": "2.0.0"
          }
        },
        "fresh": {
          "version": "0.5.2",
          "resolved": "https://registry.npm.taobao.org/fresh/download/fresh-0.5.2.tgz",
          "integrity": "sha1-PYyt2Q2XZWn6g1qx+OSyOhBWBac="
        },
        "keygrip": {
          "version": "1.1.0",
          "resolved": "https://registry.npm.taobao.org/keygrip/download/keygrip-1.1.0.tgz",
          "integrity": "sha1-hxsWgdXhWcYqRFsMdLYV4JF+ciY=",
          "requires": {
            "tsscmp": "1.0.6"
          }
        },
        "koa-compose": {
          "version": "4.1.0",
          "resolved": "https://registry.npm.taobao.org/koa-compose/download/koa-compose-4.1.0.tgz",
          "integrity": "sha1-UHMGuTcZAdtBEhyBLpI9DWfT6Hc="
        },
        "ms": {
          "version": "2.0.0",
          "resolved": "https://registry.npm.taobao.org/ms/download/ms-2.0.0.tgz",
          "integrity": "sha1-VgiurfwAvmwpAd9fmGF4jeDVl8g="
        }
      }
    },
    "koa-compose": {
      "version": "3.2.1",
      "resolved": "https://registry.npm.taobao.org/koa-compose/download/koa-compose-3.2.1.tgz",
      "integrity": "sha1-qFzLQLfZhtjlo0Wzoazo6rz1Tec=",
      "requires": {
        "any-promise": "^1.1.0"
      }
    },
    "koa-convert": {
      "version": "1.2.0",
      "resolved": "https://registry.npm.taobao.org/koa-convert/download/koa-convert-1.2.0.tgz",
      "integrity": "sha1-2kCHXfSd4FOQmNFwC1CCDOvNIdA=",
      "requires": {
        "co": "^4.6.0",
        "koa-compose": "^3.0.0"
      }
    },
    "koa-router": {
      "version": "7.4.0",
      "resolved": "https://registry.npm.taobao.org/koa-router/download/koa-router-7.4.0.tgz",
      "integrity": "sha1-ruH3rcAtXLMdfWdGXJ6syCXoxeA=",
      "requires": {
        "debug": "^3.1.0",
        "http-errors": "^1.3.1",
        "koa-compose": "^3.0.0",
        "methods": "^1.0.1",
        "path-to-regexp": "^1.1.1",
        "urijs": "^1.19.0"
      },
      "dependencies": {
        "debug": {
          "version": "3.2.6",
          "resolved": "https://registry.npm.taobao.org/debug/download/debug-3.2.6.tgz",
          "integrity": "sha1-6D0X3hbYp++3cX7b5fsQE17uYps=",
          "requires": {
            "ms": "^2.1.1"
          }
        }
      }
    },
    "loose-envify": {
      "version": "1.4.0",
      "resolved": "http://registry.npm.taobao.org/loose-envify/download/loose-envify-1.4.0.tgz",
      "integrity": "sha1-ce5R+nvkyuwaY4OffmgtgTLTDK8=",
      "requires": {
        "js-tokens": "^3.0.0 || ^4.0.0"
      }
    },
    "media-typer": {
      "version": "0.3.0",
      "resolved": "https://registry.npm.taobao.org/media-typer/download/media-typer-0.3.0.tgz",
      "integrity": "sha1-hxDXrwqmJvj/+hzgAWhUUmMlV0g="
    },
    "methods": {
      "version": "1.1.2",
      "resolved": "http://registry.npm.taobao.org/methods/download/methods-1.1.2.tgz",
      "integrity": "sha1-VSmk1nZUE07cxSZmVoNbD4Ua/O4="
    },
    "mime-db": {
      "version": "1.44.0",
      "resolved": "https://registry.npm.taobao.org/mime-db/download/mime-db-1.44.0.tgz",
      "integrity": "sha1-+hHF6wrKEzS0Izy01S8QxaYnL5I="
    },
    "mime-types": {
      "version": "2.1.27",
      "resolved": "https://registry.npm.taobao.org/mime-types/download/mime-types-2.1.27.tgz",
      "integrity": "sha1-R5SfmOJ56lMRn1ci4PNOUpvsAJ8=",
      "requires": {
        "mime-db": "1.44.0"
      }
    },
    "ms": {
      "version": "2.1.2",
      "resolved": "https://registry.npm.taobao.org/ms/download/ms-2.1.2.tgz",
      "integrity": "sha1-0J0fNXtEP0kzgqjrPM0YOHKuYAk="
    },
    "nanoid": {
      "version": "3.3.4",
      "resolved": "https://registry.npmjs.org/nanoid/-/nanoid-3.3.4.tgz",
      "integrity": "sha512-MqBkQh/OHTS2egovRtLk45wEyNXwF+cokD+1YPf9u5VfJiRdAiRwB2froX5Co9Rh20xs4siNPm8naNotSD6RBw=="
    },
    "negotiator": {
      "version": "0.6.2",
      "resolved": "https://registry.npm.taobao.org/negotiator/download/negotiator-0.6.2.tgz",
      "integrity": "sha1-/qz3zPUlp3rpY0Q2pkiD/+yjRvs="
    },
    "next": {
      "version": "13.0.3",
      "resolved": "https://registry.npmjs.org/next/-/next-13.0.3.tgz",
      "integrity": "sha512-rFQeepcenRxKzeKlh1CsmEnxsJwhIERtbUjmYnKZyDInZsU06lvaGw5DT44rlNp1Rv2MT/e9vffZ8vK+ytwXHA==",
      "requires": {
        "@next/env": "13.0.3",
        "@next/swc-android-arm-eabi": "13.0.3",
        "@next/swc-android-arm64": "13.0.3",
        "@next/swc-darwin-arm64": "13.0.3",
        "@next/swc-darwin-x64": "13.0.3",
        "@next/swc-freebsd-x64": "13.0.3",
        "@next/swc-linux-arm-gnueabihf": "13.0.3",
        "@next/swc-linux-arm64-gnu": "13.0.3",
        "@next/swc-linux-arm64-musl": "13.0.3",
        "@next/swc-linux-x64-gnu": "13.0.3",
        "@next/swc-linux-x64-musl": "13.0.3",
        "@next/swc-win32-arm64-msvc": "13.0.3",
        "@next/swc-win32-ia32-msvc": "13.0.3",
        "@next/swc-win32-x64-msvc": "13.0.3",
        "@swc/helpers": "0.4.11",
        "caniuse-lite": "^1.0.30001406",
        "postcss": "8.4.14",
        "styled-jsx": "5.1.0",
        "use-sync-external-store": "1.2.0"
      }
    },
    "node-fetch": {
      "version": "2.6.0",
      "resolved": "https://registry.npm.taobao.org/node-fetch/download/node-fetch-2.6.0.tgz?cache=0&sync_timestamp=1591866530709&other_urls=https%3A%2F%2Fregistry.npm.taobao.org%2Fnode-fetch%2Fdownload%2Fnode-fetch-2.6.0.tgz",
      "integrity": "sha1-5jNFY4bUqlWGP2dqerDaqP3ssP0="
    },
    "object-assign": {
      "version": "4.1.1",
      "resolved": "http://registry.npm.taobao.org/object-assign/download/object-assign-4.1.1.tgz",
      "integrity": "sha1-IQmtx5ZYh8/AXLvUQsrIv7s2CGM="
    },
    "on-finished": {
      "version": "2.3.0",
      "resolved": "https://registry.npm.taobao.org/on-finished/download/on-finished-2.3.0.tgz",
      "integrity": "sha1-IPEzZIGwg811M3mSoWlxqi2QaUc=",
      "requires": {
        "ee-first": "1.1.1"
      }
    },
    "only": {
      "version": "0.0.2",
      "resolved": "https://registry.npm.taobao.org/only/download/only-0.0.2.tgz",
      "integrity": "sha1-Kv3oTQPlC5qO3EROMGEKcCle37Q="
    },
    "parseurl": {
      "version": "1.3.3",
      "resolved": "https://registry.npm.taobao.org/parseurl/download/parseurl-1.3.3.tgz",
      "integrity": "sha1-naGee+6NEt/wUT7Vt2lXeTvC6NQ="
    },
    "path-to-regexp": {
      "version": "1.8.0",
      "resolved": "https://registry.npm.taobao.org/path-to-regexp/download/path-to-regexp-1.8.0.tgz?cache=0&sync_timestamp=1574278262588&other_urls=https%3A%2F%2Fregistry.npm.taobao.org%2Fpath-to-regexp%2Fdownload%2Fpath-to-regexp-1.8.0.tgz",
      "integrity": "sha1-iHs7qdhDk+h6CgufTLdWGYtTVIo=",
      "requires": {
        "isarray": "0.0.1"
      },
      "dependencies": {
        "isarray": {
          "version": "0.0.1",
          "resolved": "https://registry.npm.taobao.org/isarray/download/isarray-0.0.1.tgz?cache=0&sync_timestamp=1562592096220&other_urls=https%3A%2F%2Fregistry.npm.taobao.org%2Fisarray%2Fdownload%2Fisarray-0.0.1.tgz",
          "integrity": "sha1-ihis/Kmo9Bd+Cav8YDiTmwXR7t8="
        }
      }
    },
    "picocolors": {
      "version": "1.0.0",
      "resolved": "https://registry.npmjs.org/picocolors/-/picocolors-1.0.0.tgz",
      "integrity": "sha512-1fygroTLlHu66zi26VoTDv8yRgm0Fccecssto+MhsZ0D/DGW2sm8E8AjW7NU5VVTRt5GxbeZ5qBuJr+HyLYkjQ=="
    },
    "postcss": {
      "version": "8.4.14",
      "resolved": "https://registry.npmjs.org/postcss/-/postcss-8.4.14.tgz",
      "integrity": "sha512-E398TUmfAYFPBSdzgeieK2Y1+1cpdxJx8yXbK/m57nRhKSmk1GB2tO4lbLBtlkfPQTDKfe4Xqv1ASWPpayPEig==",
      "requires": {
        "nanoid": "^3.3.4",
        "picocolors": "^1.0.0",
        "source-map-js": "^1.0.2"
      }
    },
    "prop-types": {
      "version": "15.7.2",
      "resolved": "http://registry.npm.taobao.org/prop-types/download/prop-types-15.7.2.tgz?cache=0&other_urls=http%3A%2F%2Fregistry.npm.taobao.org%2Fprop-types%2Fdownload%2Fprop-types-15.7.2.tgz",
      "integrity": "sha1-UsQedbjIfnK52TYOAga5ncv/psU=",
      "requires": {
        "loose-envify": "^1.4.0",
        "object-assign": "^4.1.1",
        "react-is": "^16.8.1"
      }
    },
    "react": {
      "version": "16.13.1",
      "resolved": "https://registry.npm.taobao.org/react/download/react-16.13.1.tgz",
      "integrity": "sha1-LoGIIvGpdDEiwGPWQQ2FweOv5I4=",
      "requires": {
        "loose-envify": "^1.1.0",
        "object-assign": "^4.1.1",
        "prop-types": "^15.6.2"
      }
    },
    "react-dom": {
      "version": "16.13.1",
      "resolved": "https://registry.npm.taobao.org/react-dom/download/react-dom-16.13.1.tgz",
      "integrity": "sha1-wb03MxoEhsB47lTEdAcgmTsuDn8=",
      "requires": {
        "loose-envify": "^1.1.0",
        "object-assign": "^4.1.1",
        "prop-types": "^15.6.2",
        "scheduler": "^0.19.1"
      }
    },
    "react-is": {
      "version": "16.13.1",
      "resolved": "https://registry.npm.taobao.org/react-is/download/react-is-16.13.1.tgz?cache=0&other_urls=https%3A%2F%2Fregistry.npm.taobao.org%2Freact-is%2Fdownload%2Freact-is-16.13.1.tgz",
      "integrity": "sha1-eJcppNw23imZ3BVt1sHZwYzqVqQ="
    },
    "safe-buffer": {
      "version": "5.1.2",
      "resolved": "https://registry.npm.taobao.org/safe-buffer/download/safe-buffer-5.1.2.tgz",
      "integrity": "sha1-mR7GnSluAxN0fVm9/St0XDX4go0="
    },
    "scheduler": {
      "version": "0.19.1",
      "resolved": "https://registry.npm.taobao.org/scheduler/download/scheduler-0.19.1.tgz?cache=0&sync_timestamp=1588782643536&other_urls=https%3A%2F%2Fregistry.npm.taobao.org%2Fscheduler%2Fdownload%2Fscheduler-0.19.1.tgz",
      "integrity": "sha1-Tz4u0sGn1laB9MhU+oxaHMtA8ZY=",
      "requires": {
        "loose-envify": "^1.1.0",
        "object-assign": "^4.1.1"
      }
    },
    "setprototypeof": {
      "version": "1.1.1",
      "resolved": "https://registry.npm.taobao.org/setprototypeof/download/setprototypeof-1.1.1.tgz",
      "integrity": "sha1-fpWsskqpL1iF4KvvW6ExMw1K5oM="
    },
    "source-map-js": {
      "version": "1.0.2",
      "resolved": "https://registry.npmjs.org/source-map-js/-/source-map-js-1.0.2.tgz",
      "integrity": "sha512-R0XvVJ9WusLiqTCEiGCmICCMplcCkIwwR11mOSD9CR5u+IXYdiseeEuXCVAjS54zqwkLcPNnmU4OeJ6tUrWhDw=="
    },
    "statuses": {
      "version": "1.5.0",
      "resolved": "https://registry.npm.taobao.org/statuses/download/statuses-1.5.0.tgz",
      "integrity": "sha1-Fhx9rBd2Wf2YEfQ3cfqZOBR4Yow="
    },
    "styled-jsx": {
      "version": "5.1.0",
      "resolved": "https://registry.npmjs.org/styled-jsx/-/styled-jsx-5.1.0.tgz",
      "integrity": "sha512-/iHaRJt9U7T+5tp6TRelLnqBqiaIT0HsO0+vgyj8hK2KUk7aejFqRrumqPUlAqDwAj8IbS/1hk3IhBAAK/FCUQ==",
      "requires": {
        "client-only": "0.0.1"
      }
    },
    "toidentifier": {
      "version": "1.0.0",
      "resolved": "https://registry.npm.taobao.org/toidentifier/download/toidentifier-1.0.0.tgz",
      "integrity": "sha1-fhvjRw8ed5SLxD2Uo8j013UrpVM="
    },
    "tslib": {
      "version": "2.4.1",
      "resolved": "https://registry.npmjs.org/tslib/-/tslib-2.4.1.tgz",
      "integrity": "sha512-tGyy4dAjRIEwI7BzsB0lynWgOpfqjUdq91XXAlIWD2OwKBH7oCl/GZG/HT4BOHrTlPMOASlMQ7veyTqpmRcrNA=="
    },
    "tsscmp": {
      "version": "1.0.6",
      "resolved": "https://registry.npm.taobao.org/tsscmp/download/tsscmp-1.0.6.tgz",
      "integrity": "sha1-hbmVg6w1iexL/vgltQAKqRHWBes="
    },
    "type-is": {
      "version": "1.6.18",
      "resolved": "https://registry.npm.taobao.org/type-is/download/type-is-1.6.18.tgz",
      "integrity": "sha1-TlUs0F3wlGfcvE73Od6J8s83wTE=",
      "requires": {
        "media-typer": "0.3.0",
        "mime-types": "~2.1.24"
      }
    },
    "unfetch": {
      "version": "4.1.0",
      "resolved": "https://registry.npm.taobao.org/unfetch/download/unfetch-4.1.0.tgz",
      "integrity": "sha1-bsLdDeiH5YpN7oOgUN7YD/xBN9s="
    },
    "urijs": {
      "version": "1.19.2",
      "resolved": "https://registry.npm.taobao.org/urijs/download/urijs-1.19.2.tgz",
      "integrity": "sha1-+b4J8AxMUTS3yzz0dcHdOUUmJlo="
    },
    "use-sync-external-store": {
      "version": "1.2.0",
      "resolved": "https://registry.npmjs.org/use-sync-external-store/-/use-sync-external-store-1.2.0.tgz",
      "integrity": "sha512-eEgnFxGQ1Ife9bzYs6VLi8/4X6CObHMw9Qr9tPY43iKwsPw8xE8+EFsf/2cFZ5S3esXgpWgtSCtLNS41F+sKPA=="
    },
    "vary": {
      "version": "1.1.2",
      "resolved": "https://registry.npm.taobao.org/vary/download/vary-1.1.2.tgz",
      "integrity": "sha1-IpnwLG3tMNSllhsLn3RSShj2NPw="
    },
    "ylru": {
      "version": "1.2.1",
      "resolved": "https://registry.npm.taobao.org/ylru/download/ylru-1.2.1.tgz",
      "integrity": "sha1-9Xa2M0FUeYnB3nuiiHYJI7J/6E8="
    }
  }
}
